{
  "version": 4,
  "terraform_version": "1.2.0",
  "serial": 26,
  "lineage": "e781d119-f4e9-90ef-8ab6-00f9a944e542",
  "outputs": {},
  "resources": [
    {
      "mode": "managed",
      "type": "azuredevops_git_repository",
      "name": "terrrepo",
      "provider": "provider[\"registry.terraform.io/microsoft/azuredevops\"]",
      "instances": [
        {
          "schema_version": 0,
          "attributes": {
            "default_branch": "refs/heads/master",
            "id": "9b76779a-2f44-46a4-9618-b14a6066fa94",
            "initialization": [
              {
                "init_type": "Clean",
                "service_connection_id": "",
                "source_type": "",
                "source_url": ""
              }
            ],
            "is_fork": false,
            "name": "terrformtest_Repo",
            "parent_repository_id": null,
            "project_id": "f0682db8-ef61-40c2-b7ce-7260a5c71d50",
            "remote_url": "https://FuXu0302@dev.azure.com/FuXu0302/terrformtest/_git/terrformtest_Repo",
            "size": 196,
            "ssh_url": "git@ssh.dev.azure.com:v3/FuXu0302/terrformtest/terrformtest_Repo",
            "url": "https://dev.azure.com/FuXu0302/f0682db8-ef61-40c2-b7ce-7260a5c71d50/_apis/git/repositories/9b76779a-2f44-46a4-9618-b14a6066fa94",
            "web_url": "https://dev.azure.com/FuXu0302/terrformtest/_git/terrformtest_Repo"
          },
          "sensitive_attributes": [],
          "private": "bnVsbA==",
          "dependencies": [
            "azuredevops_project.terrproj"
          ]
        }
      ]
    },
    {
      "mode": "managed",
      "type": "azuredevops_git_repository_file",
      "name": "terrfile",
      "provider": "provider[\"registry.terraform.io/microsoft/azuredevops\"]",
      "instances": [
        {
          "schema_version": 0,
          "attributes": {
            "branch": "refs/heads/master",
            "commit_message": "First commit",
            "content": "**/*.tfstate",
            "file": ".gitignore",
            "id": "9b76779a-2f44-46a4-9618-b14a6066fa94/.gitignore",
            "overwrite_on_create": false,
            "repository_id": "9b76779a-2f44-46a4-9618-b14a6066fa94",
            "timeouts": null
          },
          "sensitive_attributes": [],
          "private": "eyJlMmJmYjczMC1lY2FhLTExZTYtOGY4OC0zNDM2M2JjN2M0YzAiOnsiY3JlYXRlIjo2MDAwMDAwMDAwMCwicmVhZCI6NTAwMDAwMDAwMH19",
          "dependencies": [
            "azuredevops_git_repository.terrrepo",
            "azuredevops_project.terrproj"
          ]
        }
      ]
    },
    {
      "mode": "managed",
      "type": "azuredevops_project",
      "name": "terrproj",
      "provider": "provider[\"registry.terraform.io/microsoft/azuredevops\"]",
      "instances": [
        {
          "schema_version": 0,
          "attributes": {
            "description": "Repository test by myself",
            "features": {
              "artifacts": "enabled",
              "boards": "enabled",
              "pipelines": "enabled",
              "repositories": "enabled",
              "testplans": "enabled"
            },
            "id": "f0682db8-ef61-40c2-b7ce-7260a5c71d50",
            "name": "terrformtest",
            "process_template_id": "adcc42ab-9882-485e-a3ed-7678f01f66bc",
            "timeouts": null,
            "version_control": "Git",
            "visibility": "private",
            "work_item_template": "Agile"
          },
          "sensitive_attributes": [],
          "private": "eyJlMmJmYjczMC1lY2FhLTExZTYtOGY4OC0zNDM2M2JjN2M0YzAiOnsiY3JlYXRlIjo2MDAwMDAwMDAwMDAsImRlbGV0ZSI6NjAwMDAwMDAwMDAwLCJyZWFkIjozMDAwMDAwMDAwMDAsInVwZGF0ZSI6NjAwMDAwMDAwMDAwfX0="
        }
      ]
    },
    {
      "mode": "managed",
      "type": "azuredevops_variable_group",
      "name": "Global",
      "provider": "provider[\"registry.terraform.io/microsoft/azuredevops\"]",
      "instances": [
        {
          "schema_version": 0,
          "attributes": {
            "allow_access": true,
            "description": "Global variable group",
            "id": "42",
            "key_vault": [],
            "name": "Global Variable Group",
            "project_id": "f0682db8-ef61-40c2-b7ce-7260a5c71d50",
            "variable": [
              {
                "content_type": "",
                "enabled": false,
                "expires": "",
                "is_secret": false,
                "name": "Apppool.Password",
                "secret_value": "",
                "value": "password"
              },
              {
                "content_type": "",
                "enabled": false,
                "expires": "",
                "is_secret": false,
                "name": "Apppool.Username",
                "secret_value": "",
                "value": "BCHTGROUP\\SVC-CRMUser"
              },
              {
                "content_type": "",
                "enabled": false,
                "expires": "",
                "is_secret": false,
                "name": "BuildConfiguration",
                "secret_value": "",
                "value": "release"
              },
              {
                "content_type": "",
                "enabled": false,
                "expires": "",
                "is_secret": false,
                "name": "BuildPlatform",
                "secret_value": "",
                "value": "any cpu"
              },
              {
                "content_type": "",
                "enabled": false,
                "expires": "",
                "is_secret": false,
                "name": "DS.ASP_DeleteLogs.Path",
                "secret_value": "",
                "value": "\\\\svr-prdfs\\DeploymentScript\\ASP_DeleteLogs.ps1"
              },
              {
                "content_type": "",
                "enabled": false,
                "expires": "",
                "is_secret": false,
                "name": "DS.Delete_UnusedWebConfigs.Path",
                "secret_value": "",
                "value": "\\\\svr-prdfs\\DeploymentScript\\Delete_UnusedWebConfigs.ps1"
              },
              {
                "content_type": "",
                "enabled": false,
                "expires": "",
                "is_secret": false,
                "name": "DS.IIS_Settings.Path",
                "secret_value": "",
                "value": "\\\\svr-prdfs\\DeploymentScript\\IIS_Settings.ps1"
              },
              {
                "content_type": "",
                "enabled": false,
                "expires": "",
                "is_secret": false,
                "name": "DS.IIS_WebConfig.Path",
                "secret_value": "",
                "value": "\\\\svr-prdfs\\DeploymentScript\\IIS_WebConfig.ps1"
              },
              {
                "content_type": "",
                "enabled": false,
                "expires": "",
                "is_secret": false,
                "name": "Deployment.Path",
                "secret_value": "",
                "value": "D:\\Websites\\crm"
              },
              {
                "content_type": "",
                "enabled": false,
                "expires": "",
                "is_secret": false,
                "name": "Log.Enabled",
                "secret_value": "",
                "value": "true"
              },
              {
                "content_type": "",
                "enabled": false,
                "expires": "",
                "is_secret": false,
                "name": "Log.Path",
                "secret_value": "",
                "value": "\\\\svr-prdfs\\dev\\Logs\\crm\\$(Agent.MachineName)"
              }
            ]
          },
          "sensitive_attributes": [],
          "private": "bnVsbA==",
          "dependencies": [
            "azuredevops_project.terrproj"
          ]
        }
      ]
    },
    {
      "mode": "managed",
      "type": "azuredevops_variable_group",
      "name": "ProductionEnvironmentDetails",
      "provider": "provider[\"registry.terraform.io/microsoft/azuredevops\"]",
      "instances": [
        {
          "schema_version": 0,
          "attributes": {
            "allow_access": true,
            "description": "Production Environment Details variable group",
            "id": "40",
            "key_vault": [],
            "name": "Production Environment Details variable group",
            "project_id": "f0682db8-ef61-40c2-b7ce-7260a5c71d50",
            "variable": [
              {
                "content_type": "",
                "enabled": false,
                "expires": "",
                "is_secret": false,
                "name": "ASPNETCORE_ENVIRONMENT",
                "secret_value": "",
                "value": "Production"
              },
              {
                "content_type": "",
                "enabled": false,
                "expires": "",
                "is_secret": false,
                "name": "Hostname",
                "secret_value": "",
                "value": "crm.incommunities.co.uk"
              },
              {
                "content_type": "",
                "enabled": false,
                "expires": "",
                "is_secret": false,
                "name": "Machine.Name01",
                "secret_value": "",
                "value": "SVR-PRDWEB01"
              },
              {
                "content_type": "",
                "enabled": false,
                "expires": "",
                "is_secret": false,
                "name": "Machine.Name02",
                "secret_value": "",
                "value": "SVR-PRDWEB02"
              },
              {
                "content_type": "",
                "enabled": false,
                "expires": "",
                "is_secret": false,
                "name": "Machine.Name03",
                "secret_value": "",
                "value": "SVR-PRDWEB03"
              },
              {
                "content_type": "",
                "enabled": false,
                "expires": "",
                "is_secret": false,
                "name": "Machine.Name04",
                "secret_value": "",
                "value": "SVR-PRDWEB04"
              },
              {
                "content_type": "",
                "enabled": false,
                "expires": "",
                "is_secret": false,
                "name": "Machine.Name05",
                "secret_value": "",
                "value": "SVR-PRDWEB05"
              },
              {
                "content_type": "",
                "enabled": false,
                "expires": "",
                "is_secret": false,
                "name": "SVR01.BindingIpAddress",
                "secret_value": "",
                "value": "172.29.12.81"
              },
              {
                "content_type": "",
                "enabled": false,
                "expires": "",
                "is_secret": false,
                "name": "SVR02.BindingIpAddress",
                "secret_value": "",
                "value": "172.29.12.82"
              },
              {
                "content_type": "",
                "enabled": false,
                "expires": "",
                "is_secret": false,
                "name": "SVR03.BindingIpAddress",
                "secret_value": "",
                "value": "172.29.12.83"
              },
              {
                "content_type": "",
                "enabled": false,
                "expires": "",
                "is_secret": false,
                "name": "SVR04.BindingIpAddress",
                "secret_value": "",
                "value": "172.29.12.84"
              },
              {
                "content_type": "",
                "enabled": false,
                "expires": "",
                "is_secret": false,
                "name": "SVR05.BindingIpAddress",
                "secret_value": "",
                "value": "172.29.12.85"
              }
            ]
          },
          "sensitive_attributes": [],
          "private": "bnVsbA==",
          "dependencies": [
            "azuredevops_project.terrproj"
          ]
        }
      ]
    },
    {
      "mode": "managed",
      "type": "azuredevops_variable_group",
      "name": "StagingEnvironmentDetails",
      "provider": "provider[\"registry.terraform.io/microsoft/azuredevops\"]",
      "instances": [
        {
          "schema_version": 0,
          "attributes": {
            "allow_access": true,
            "description": "Staging Environment Details variable group",
            "id": "41",
            "key_vault": [],
            "name": "Staging Environment Details variable group",
            "project_id": "f0682db8-ef61-40c2-b7ce-7260a5c71d50",
            "variable": [
              {
                "content_type": "",
                "enabled": false,
                "expires": "",
                "is_secret": false,
                "name": "ASPNETCORE_ENVIRONMENT",
                "secret_value": "",
                "value": "Staging"
              },
              {
                "content_type": "",
                "enabled": false,
                "expires": "",
                "is_secret": false,
                "name": "Hostname",
                "secret_value": "",
                "value": "crm-stage.incommunities.co.uk"
              },
              {
                "content_type": "",
                "enabled": false,
                "expires": "",
                "is_secret": false,
                "name": "Machine.Name01",
                "secret_value": "",
                "value": "SVR-POCWEB01"
              },
              {
                "content_type": "",
                "enabled": false,
                "expires": "",
                "is_secret": false,
                "name": "Machine.Name02",
                "secret_value": "",
                "value": "SVR-POCWEB02"
              },
              {
                "content_type": "",
                "enabled": false,
                "expires": "",
                "is_secret": false,
                "name": "SVR01.BindingIpAddress",
                "secret_value": "",
                "value": "10.29.12.161"
              },
              {
                "content_type": "",
                "enabled": false,
                "expires": "",
                "is_secret": false,
                "name": "SVR02.BindingIpAddress",
                "secret_value": "",
                "value": "10.29.12.162"
              }
            ]
          },
          "sensitive_attributes": [],
          "private": "bnVsbA==",
          "dependencies": [
            "azuredevops_project.terrproj"
          ]
        }
      ]
    },
    {
      "mode": "managed",
      "type": "azuredevops_variable_group",
      "name": "TestEnvironmentDetails",
      "provider": "provider[\"registry.terraform.io/microsoft/azuredevops\"]",
      "instances": [
        {
          "schema_version": 0,
          "attributes": {
            "allow_access": true,
            "description": "Test Environment Details variable group",
            "id": "39",
            "key_vault": [],
            "name": "Test Environment Details variable group",
            "project_id": "f0682db8-ef61-40c2-b7ce-7260a5c71d50",
            "variable": [
              {
                "content_type": "",
                "enabled": false,
                "expires": "",
                "is_secret": false,
                "name": "ASPNETCORE_ENVIRONMENT",
                "secret_value": "",
                "value": "Test"
              },
              {
                "content_type": "",
                "enabled": false,
                "expires": "",
                "is_secret": false,
                "name": "Hostname",
                "secret_value": "",
                "value": "crm-test.incommunities.co.uk"
              },
              {
                "content_type": "",
                "enabled": false,
                "expires": "",
                "is_secret": false,
                "name": "Machine.Name01",
                "secret_value": "",
                "value": "SVR-POCWEB01"
              },
              {
                "content_type": "",
                "enabled": false,
                "expires": "",
                "is_secret": false,
                "name": "Machine.Name02",
                "secret_value": "",
                "value": "SVR-POCWEB02"
              },
              {
                "content_type": "",
                "enabled": false,
                "expires": "",
                "is_secret": false,
                "name": "SVR01.BindingIpAddress",
                "secret_value": "",
                "value": "10.29.12.161"
              },
              {
                "content_type": "",
                "enabled": false,
                "expires": "",
                "is_secret": false,
                "name": "SVR02.BindingIpAddress",
                "secret_value": "",
                "value": "10.29.12.162"
              }
            ]
          },
          "sensitive_attributes": [],
          "private": "bnVsbA==",
          "dependencies": [
            "azuredevops_project.terrproj"
          ]
        }
      ]
    }
  ]
}
